
Microsoft Visual Studio Solution File, Format Version 12.00
# Visual Studio Version 17
VisualStudioVersion = 17.1.32414.318
MinimumVisualStudioVersion = 10.0.40219.1
Project("{FAE04EC0-301F-11D3-BF4B-00C04F79EFBC}") = "SEP-VanLangHotel", "SEP-VanLangHotel\SEP-VanLangHotel.csproj", "{8E12FBAA-81E7-47CD-AFB3-F492F9E0C81D}"
EndProject
Project("{FAE04EC0-301F-11D3-BF4B-00C04F79EFBC}") = "SEP-VanLangHotel.Tests", "SEP-VanLangHotel.Tests\SEP-VanLangHotel.Tests.csproj", "{B0C293B9-C430-46AE-A748-77AE8B61D365}"
EndProject
Global
	GlobalSection(SolutionConfigurationPlatforms) = preSolution
		Debug|Any CPU = Debug|Any CPU
		Release|Any CPU = Release|Any CPU
	EndGlobalSection
	GlobalSection(ProjectConfigurationPlatforms) = postSolution
		{8E12FBAA-81E7-47CD-AFB3-F492F9E0C81D}.Debug|Any CPU.ActiveCfg = Debug|Any CPU
		{8E12FBAA-81E7-47CD-AFB3-F492F9E0C81D}.Debug|Any CPU.Build.0 = Debug|Any CPU
		{8E12FBAA-81E7-47CD-AFB3-F492F9E0C81D}.Release|Any CPU.ActiveCfg = Release|Any CPU
		{8E12FBAA-81E7-47CD-AFB3-F492F9E0C81D}.Release|Any CPU.Build.0 = Release|Any CPU
		{B0C293B9-C430-46AE-A748-77AE8B61D365}.Debug|Any CPU.ActiveCfg = Debug|Any CPU
		{B0C293B9-C430-46AE-A748-77AE8B61D365}.Debug|Any CPU.Build.0 = Debug|Any CPU
		{B0C293B9-C430-46AE-A748-77AE8B61D365}.Release|Any CPU.ActiveCfg = Release|Any CPU
		{B0C293B9-C430-46AE-A748-77AE8B61D365}.Release|Any CPU.Build.0 = Release|Any CPU
	EndGlobalSection
	GlobalSection(SolutionProperties) = preSolution
		HideSolutionNode = FALSE
	EndGlobalSection
	GlobalSection(ExtensibilityGlobals) = postSolution
		SolutionGuid = {26AFB103-C7D3-4C89-8ED9-2237882AA7D5}
	EndGlobalSection
EndGlobal
